{
  "object": {
    "pins": [
      {
        "package": "StringScanner",
        "repositoryURL": "https://github.com/klaas/StringScanner",
        "state": {
          "branch": null,
          "revision": "576ed0725055966b1e59a14edd99945640c55e3a",
          "version": "0.3.2"
        }
      }
    ]
  },
  "version": 1
}
